// !$*UTF8*$!
{
	archiveVersion = 1;
	classes = {
	};
	objectVersion = 46;
	objects = {

/* Begin PBXBuildFile section */
		E231B3F5138E9B3F007C1702 /* UIKit.framework in Frameworks */ = {isa = PBXBuildFile; fileRef = E231B3F4138E9B3F007C1702 /* UIKit.framework */; };
		E231B3F7138E9B3F007C1702 /* Foundation.framework in Frameworks */ = {isa = PBXBuildFile; fileRef = E231B3F6138E9B3F007C1702 /* Foundation.framework */; };
		E231B3F9138E9B3F007C1702 /* CoreGraphics.framework in Frameworks */ = {isa = PBXBuildFile; fileRef = E231B3F8138E9B3F007C1702 /* CoreGraphics.framework */; };
		E231B3FF138E9B3F007C1702 /* InfoPlist.strings in Resources */ = {isa = PBXBuildFile; fileRef = E231B3FD138E9B3F007C1702 /* InfoPlist.strings */; };
		E231B402138E9B3F007C1702 /* main.m in Sources */ = {isa = PBXBuildFile; fileRef = E231B401138E9B3F007C1702 /* main.m */; };
		E231B405138E9B3F007C1702 /* HelloWorldAppDelegate.m in Sources */ = {isa = PBXBuildFile; fileRef = E231B404138E9B3F007C1702 /* HelloWorldAppDelegate.m */; };
		E231B408138E9B3F007C1702 /* MainWindow.xib in Resources */ = {isa = PBXBuildFile; fileRef = E231B406138E9B3F007C1702 /* MainWindow.xib */; };
		E231B40B138E9B3F007C1702 /* HelloWorldViewController.m in Sources */ = {isa = PBXBuildFile; fileRef = E231B40A138E9B3F007C1702 /* HelloWorldViewController.m */; };
		E231B40E138E9B3F007C1702 /* HelloWorldViewController.xib in Resources */ = {isa = PBXBuildFile; fileRef = E231B40C138E9B3F007C1702 /* HelloWorldViewController.xib */; };
/* End PBXBuildFile section */

/* Begin PBXFileReference section */
		E231B3F0138E9B3F007C1702 /* HelloWorld.app */ = {isa = PBXFileReference; explicitFileType = wrapper.application; includeInIndex = 0; path = HelloWorld.app; sourceTree = BUILT_PRODUCTS_DIR; };
		E231B3F4138E9B3F007C1702 /* UIKit.framework */ = {isa = PBXFileReference; lastKnownFileType = wrapper.framework; name = UIKit.framework; path = System/Library/Frameworks/UIKit.framework; sourceTree = SDKROOT; };
		E231B3F6138E9B3F007C1702 /* Foundation.framework */ = {isa = PBXFileReference; lastKnownFileType = wrapper.framework; name = Foundation.framework; path = System/Library/Frameworks/Foundation.framework; sourceTree = SDKROOT; };
		E231B3F8138E9B3F007C1702 /* CoreGraphics.framework */ = {isa = PBXFileReference; lastKnownFileType = wrapper.framework; name = CoreGraphics.framework; path = System/Library/Frameworks/CoreGraphics.framework; sourceTree = SDKROOT; };
		E231B3FC138E9B3F007C1702 /* HelloWorld-Info.plist */ = {isa = PBXFileReference; lastKnownFileType = text.plist.xml; path = "HelloWorld-Info.plist"; sourceTree = "<group>"; };
		E231B3FE138E9B3F007C1702 /* en */ = {isa = PBXFileReference; lastKnownFileType = text.plist.strings; name = en; path = en.lproj/InfoPlist.strings; sourceTree = "<group>"; };
		E231B400138E9B3F007C1702 /* HelloWorld-Prefix.pch */ = {isa = PBXFileReference; lastKnownFileType = sourcecode.c.h; path = "HelloWorld-Prefix.pch"; sourceTree = "<group>"; };
		E231B401138E9B3F007C1702 /* main.m */ = {isa = PBXFileReference; lastKnownFileType = sourcecode.c.objc; path = main.m; sourceTree = "<group>"; };
		E231B403138E9B3F007C1702 /* HelloWorldAppDelegate.h */ = {isa = PBXFileReference; lastKnownFileType = sourcecode.c.h; path = HelloWorldAppDelegate.h; sourceTree = "<group>"; };
		E231B404138E9B3F007C1702 /* HelloWorldAppDelegate.m */ = {isa = PBXFileReference; lastKnownFileType = sourcecode.c.objc; path = HelloWorldAppDelegate.m; sourceTree = "<group>"; };
		E231B407138E9B3F007C1702 /* en */ = {isa = PBXFileReference; lastKnownFileType = file.xib; name = en; path = en.lproj/MainWindow.xib; sourceTree = "<group>"; };
		E231B409138E9B3F007C1702 /* HelloWorldViewController.h */ = {isa = PBXFileReference; lastKnownFileType = sourcecode.c.h; path = HelloWorldViewController.h; sourceTree = "<group>"; };
		E231B40A138E9B3F007C1702 /* HelloWorldViewController.m */ = {isa = PBXFileReference; lastKnownFileType = sourcecode.c.objc; path = HelloWorldViewController.m; sourceTree = "<group>"; };
		E231B40D138E9B3F007C1702 /* en */ = {isa = PBXFileReference; lastKnownFileType = file.xib; name = en; path = en.lproj/HelloWorldViewController.xib; sourceTree = "<group>"; };
/* End PBXFileReference section */

/* Begin PBXFrameworksBuildPhase section */
		E231B3ED138E9B3F007C1702 /* Frameworks */ = {
			isa = PBXFrameworksBuildPhase;
			buildActionMask = 2147483647;
			files = (
				E231B3F5138E9B3F007C1702 /* UIKit.framework in Frameworks */,
				E231B3F7138E9B3F007C1702 /* Foundation.framework in Frameworks */,
				E231B3F9138E9B3F007C1702 /* CoreGraphics.framework in Frameworks */,
			);
			runOnlyForDeploymentPostprocessing = 0;
		};
/* End PBXFrameworksBuildPhase section */

/* Begin PBXGroup section */
		E231B3E5138E9B3F007C1702 = {
			isa = PBXGroup;
			children = (
				E231B3FA138E9B3F007C1702 /* HelloWorld */,
				E231B3F3138E9B3F007C1702 /* Frameworks */,
				E231B3F1138E9B3F007C1702 /* Products */,
			);
			sourceTree = "<group>";
		};
		E231B3F1138E9B3F007C1702 /* Products */ = {
			isa = PBXGroup;
			children = (
				E231B3F0138E9B3F007C1702 /* HelloWorld.app */,
			);
			name = Products;
			sourceTree = "<group>";
		};
		E231B3F3138E9B3F007C1702 /* Frameworks */ = {
			isa = PBXGroup;
			children = (
				E231B3F4138E9B3F007C1702 /* UIKit.framework */,
				E231B3F6138E9B3F007C1702 /* Foundation.framework */,
				E231B3F8138E9B3F007C1702 /* CoreGraphics.framework */,
			);
			name = Frameworks;
			sourceTree = "<group>";
		};
		E231B3FA138E9B3F007C1702 /* HelloWorld */ = {
			isa = PBXGroup;
			children = (
				E231B403138E9B3F007C1702 /* HelloWorldAppDelegate.h */,
				E231B404138E9B3F007C1702 /* HelloWorldAppDelegate.m */,
				E231B406138E9B3F007C1702 /* MainWindow.xib */,
				E231B409138E9B3F007C1702 /* HelloWorldViewController.h */,
				E231B40A138E9B3F007C1702 /* HelloWorldViewController.m */,
				E231B40C138E9B3F007C1702 /* HelloWorldViewController.xib */,
				E231B3FB138E9B3F007C1702 /* Supporting Files */,
			);
			path = HelloWorld;
			sourceTree = "<group>";
		};
		E231B3FB138E9B3F007C1702 /* Supporting Files */ = {
			isa = PBXGroup;
			children = (
				E231B3FC138E9B3F007C1702 /* HelloWorld-Info.plist */,
				E231B3FD138E9B3F007C1702 /* InfoPlist.strings */,
				E231B400138E9B3F007C1702 /* HelloWorld-Prefix.pch */,
				E231B401138E9B3F007C1702 /* main.m */,
			);
			name = "Supporting Files";
			sourceTree = "<group>";
		};
/* End PBXGroup section */

/* Begin PBXNativeTarget section */
		E231B3EF138E9B3F007C1702 /* HelloWorld */ = {
			isa = PBXNativeTarget;
			buildConfigurationList = E231B411138E9B3F007C1702 /* Build configuration list for PBXNativeTarget "HelloWorld" */;
			buildPhases = (
				E231B3EC138E9B3F007C1702 /* Sources */,
				E231B3ED138E9B3F007C1702 /* Frameworks */,
				E231B3EE138E9B3F007C1702 /* Resources */,
			);
			buildRules = (
			);
			dependencies = (
			);
			name = HelloWorld;
			productName = HelloWorld;
			productReference = E231B3F0138E9B3F007C1702 /* HelloWorld.app */;
			productType = "com.apple.product-type.application";
		};
/* End PBXNativeTarget section */

/* Begin PBXProject section */
		E231B3E7138E9B3F007C1702 /* Project object */ = {
			isa = PBXProject;
			buildConfigurationList = E231B3EA138E9B3F007C1702 /* Build configuration list for PBXProject "HelloWorld" */;
			compatibilityVersion = "Xcode 3.2";
			developmentRegion = English;
			hasScannedForEncodings = 0;
			knownRegions = (
				en,
			);
			mainGroup = E231B3E5138E9B3F007C1702;
			productRefGroup = E231B3F1138E9B3F007C1702 /* Products */;
			projectDirPath = "";
			projectRoot = "";
			targets = (
				E231B3EF138E9B3F007C1702 /* HelloWorld */,
			);
		};
/* End PBXProject section */

/* Begin PBXResourcesBuildPhase section */
		E231B3EE138E9B3F007C1702 /* Resources */ = {
			isa = PBXResourcesBuildPhase;
			buildActionMask = 2147483647;
			files = (
				E231B3FF138E9B3F007C1702 /* InfoPlist.strings in Resources */,
				E231B408138E9B3F007C1702 /* MainWindow.xib in Resources */,
				E231B40E138E9B3F007C1702 /* HelloWorldViewController.xib in Resources */,
			);
			runOnlyForDeploymentPostprocessing = 0;
		};
/* End PBXResourcesBuildPhase section */

/* Begin PBXSourcesBuildPhase section */
		E231B3EC138E9B3F007C1702 /* Sources */ = {
			isa = PBXSourcesBuildPhase;
			buildActionMask = 2147483647;
			files = (
				E231B402138E9B3F007C1702 /* main.m in Sources */,
				E231B405138E9B3F007C1702 /* HelloWorldAppDelegate.m in Sources */,
				E231B40B138E9B3F007C1702 /* HelloWorldViewController.m in Sources */,
			);
			runOnlyForDeploymentPostprocessing = 0;
		};
/* End PBXSourcesBuildPhase section */

/* Begin PBXVariantGroup section */
		E231B3FD138E9B3F007C1702 /* InfoPlist.strings */ = {
			isa = PBXVariantGroup;
			children = (
				E231B3FE138E9B3F007C1702 /* en */,
			);
			name = InfoPlist.strings;
			sourceTree = "<group>";
		};
		E231B406138E9B3F007C1702 /* MainWindow.xib */ = {
			isa = PBXVariantGroup;
			children = (
				E231B407138E9B3F007C1702 /* en */,
			);
			name = MainWindow.xib;
			sourceTree = "<group>";
		};
		E231B40C138E9B3F007C1702 /* HelloWorldViewController.xib */ = {
			isa = PBXVariantGroup;
			children = (
				E231B40D138E9B3F007C1702 /* en */,
			);
			name = HelloWorldViewController.xib;
			sourceTree = "<group>";
		};
/* End PBXVariantGroup section */

/* Begin XCBuildConfiguration section */
		E231B40F138E9B3F007C1702 /* Debug */ = {
			isa = XCBuildConfiguration;
			buildSettings = {
				ARCHS = "$(ARCHS_STANDARD_32_BIT)";
				"CODE_SIGN_IDENTITY[sdk=iphoneos*]" = "iPhone Developer";
				GCC_C_LANGUAGE_STANDARD = gnu99;
				GCC_OPTIMIZATION_LEVEL = 0;
				GCC_PREPROCESSOR_DEFINITIONS = DEBUG;
				GCC_SYMBOLS_PRIVATE_EXTERN = NO;
				GCC_VERSION = com.apple.compilers.llvmgcc42;
				GCC_WARN_ABOUT_RETURN_TYPE = YES;
				GCC_WARN_UNUSED_VARIABLE = YES;
				IPHONEOS_DEPLOYMENT_TARGET = 4.3;
				SDKROOT = iphoneos;
			};
			name = Debug;
		};
		E231B410138E9B3F007C1702 /* Release */ = {
			isa = XCBuildConfiguration;
			buildSettings = {
				ARCHS = "$(ARCHS_STANDARD_32_BIT)";
				"CODE_SIGN_IDENTITY[sdk=iphoneos*]" = "iPhone Developer";
				GCC_C_LANGUAGE_STANDARD = gnu99;
				GCC_VERSION = com.apple.compilers.llvmgcc42;
				GCC_WARN_ABOUT_RETURN_TYPE = YES;
				GCC_WARN_UNUSED_VARIABLE = YES;
				IPHONEOS_DEPLOYMENT_TARGET = 4.3;
				OTHER_CFLAGS = "-DNS_BLOCK_ASSERTIONS=1";
				SDKROOT = iphoneos;
			};
			name = Release;
		};
		E231B412138E9B3F007C1702 /* Debug */ = {
			isa = XCBuildConfiguration;
			buildSettings = {
				ALWAYS_SEARCH_USER_PATHS = NO;
				COPY_PHASE_STRIP = NO;
				GCC_DYNAMIC_NO_PIC = NO;
				GCC_PRECOMPILE_PREFIX_HEADER = YES;
				GCC_PREFIX_HEADER = "HelloWorld/HelloWorld-Prefix.pch";
				INFOPLIST_FILE = "HelloWorld/HelloWorld-Info.plist";
				PRODUCT_NAME = "$(TARGET_NAME)";
				WRAPPER_EXTENSION = app;
			};
			name = Debug;
		};
		E231B413138E9B3F007C1702 /* Release */ = {
			isa = XCBuildConfiguration;
			buildSettings = {
				ALWAYS_SEARCH_USER_PATHS = NO;
				COPY_PHASE_STRIP = YES;
				GCC_PRECOMPILE_PREFIX_HEADER = YES;
				GCC_PREFIX_HEADER = "HelloWorld/HelloWorld-Prefix.pch";
				INFOPLIST_FILE = "HelloWorld/HelloWorld-Info.plist";
				PRODUCT_NAME = "$(TARGET_NAME)";
				VALIDATE_PRODUCT = YES;
				WRAPPER_EXTENSION = app;
			};
			name = Release;
		};
/* End XCBuildConfiguration section */

/* Begin XCConfigurationList section */
		E231B3EA138E9B3F007C1702 /* Build configuration list for PBXProject "HelloWorld" */ = {
			isa = XCConfigurationList;
			buildConfigurations = (
				E231B40F138E9B3F007C1702 /* Debug */,
				E231B410138E9B3F007C1702 /* Release */,
			);
			defaultConfigurationIsVisible = 0;
			defaultConfigurationName = Release;
		};
		E231B411138E9B3F007C1702 /* Build configuration list for PBXNativeTarget "HelloWorld" */ = {
			isa = XCConfigurationList;
			buildConfigurations = (
				E231B412138E9B3F007C1702 /* Debug */,
				E231B413138E9B3F007C1702 /* Release */,
			);
			defaultConfigurationIsVisible = 0;
		};
/* End XCConfigurationList section */
	};
	rootObject = E231B3E7138E9B3F007C1702 /* Project object */;
}
